
Microsoft Visual Studio Solution File, Format Version 12.00
# Visual Studio Version 17
VisualStudioVersion = 17.1.32228.430
MinimumVisualStudioVersion = 10.0.40219.1
Project("{FAE04EC0-301F-11D3-BF4B-00C04F79EFBC}") = "BveFileExplorer", "BveFileExplorer\BveFileExplorer.csproj", "{C47B1E01-50DC-42D4-870A-434E4D81BB5C}"
EndProject
Global
	GlobalSection(SolutionConfigurationPlatforms) = preSolution
		Debug|Any CPU = Debug|Any CPU
		Debug|x86 = Debug|x86
		Release|Any CPU = Release|Any CPU
		Release|x86 = Release|x86
	EndGlobalSection
	GlobalSection(ProjectConfigurationPlatforms) = postSolution
		{C47B1E01-50DC-42D4-870A-434E4D81BB5C}.Debug|Any CPU.ActiveCfg = Debug|Any CPU
		{C47B1E01-50DC-42D4-870A-434E4D81BB5C}.Debug|Any CPU.Build.0 = Debug|Any CPU
		{C47B1E01-50DC-42D4-870A-434E4D81BB5C}.Debug|x86.ActiveCfg = Debug|x86
		{C47B1E01-50DC-42D4-870A-434E4D81BB5C}.Debug|x86.Build.0 = Debug|x86
		{C47B1E01-50DC-42D4-870A-434E4D81BB5C}.Release|Any CPU.ActiveCfg = Release|Any CPU
		{C47B1E01-50DC-42D4-870A-434E4D81BB5C}.Release|Any CPU.Build.0 = Release|Any CPU
		{C47B1E01-50DC-42D4-870A-434E4D81BB5C}.Release|x86.ActiveCfg = Release|x86
		{C47B1E01-50DC-42D4-870A-434E4D81BB5C}.Release|x86.Build.0 = Release|x86
	EndGlobalSection
	GlobalSection(SolutionProperties) = preSolution
		HideSolutionNode = FALSE
	EndGlobalSection
	GlobalSection(ExtensibilityGlobals) = postSolution
		SolutionGuid = {C80B8F4D-A9D5-4155-9466-780AD65A904A}
	EndGlobalSection
EndGlobal
